
Microsoft Visual Studio Solution File, Format Version 12.00
# Visual Studio Version 17
VisualStudioVersion = 17.12.35506.116
MinimumVisualStudioVersion = 10.0.40219.1
Project("{2150E333-8FDC-42A3-9474-1A3956D46DE8}") = "Client", "Client", "{569D01F0-D250-4223-9524-B6020E07C59F}"
EndProject
Project("{2150E333-8FDC-42A3-9474-1A3956D46DE8}") = "WebServer", "WebServer", "{751AA7F6-6EFE-4173-A3AB-963A98C76B22}"
EndProject
Project("{FAE04EC0-301F-11D3-BF4B-00C04F79EFBC}") = "WebServer.API", "WebServer\WebServer.API\WebServer.API.csproj", "{328FED65-82A1-4FC6-89C4-DC2E7E9BB69C}"
EndProject
Project("{FAE04EC0-301F-11D3-BF4B-00C04F79EFBC}") = "WebServer.Domain", "WebServer\WebServer.Domain\WebServer.Domain.csproj", "{BF8BE490-A45B-4371-A3AE-143DF56FD0A5}"
EndProject
Project("{FAE04EC0-301F-11D3-BF4B-00C04F79EFBC}") = "WebServer.Application", "WebServer\WebServer.Application\WebServer.Application.csproj", "{8BFC4A3F-B6B8-4527-9639-DF1C8ADEDD93}"
EndProject
Project("{FAE04EC0-301F-11D3-BF4B-00C04F79EFBC}") = "WebServer.Infrastructure", "WebServer\WebServer.Infrastructure\WebServer.Infrastructure.csproj", "{7E7AA9A3-CB4A-41DB-B089-429582761724}"
EndProject
Project("{2150E333-8FDC-42A3-9474-1A3956D46DE8}") = "Storage", "Storage", "{DE0B3F0D-B7E9-4687-8D17-A7CBA30510BE}"
EndProject
Project("{FAE04EC0-301F-11D3-BF4B-00C04F79EFBC}") = "Storage.Abstraction", "Storage\Storage.Abstraction\Storage.Abstraction.csproj", "{015AE29F-693C-4505-95CC-B8F06BEE5B38}"
EndProject
Project("{FAE04EC0-301F-11D3-BF4B-00C04F79EFBC}") = "Storage.Azure", "Storage\Storage.Azure\Storage.Azure.csproj", "{1B983A1C-B814-402B-84C1-6FA19489AD40}"
EndProject
Global
	GlobalSection(SolutionConfigurationPlatforms) = preSolution
		Debug|Any CPU = Debug|Any CPU
		Release|Any CPU = Release|Any CPU
	EndGlobalSection
	GlobalSection(ProjectConfigurationPlatforms) = postSolution
		{328FED65-82A1-4FC6-89C4-DC2E7E9BB69C}.Debug|Any CPU.ActiveCfg = Debug|Any CPU
		{328FED65-82A1-4FC6-89C4-DC2E7E9BB69C}.Debug|Any CPU.Build.0 = Debug|Any CPU
		{328FED65-82A1-4FC6-89C4-DC2E7E9BB69C}.Release|Any CPU.ActiveCfg = Release|Any CPU
		{328FED65-82A1-4FC6-89C4-DC2E7E9BB69C}.Release|Any CPU.Build.0 = Release|Any CPU
		{BF8BE490-A45B-4371-A3AE-143DF56FD0A5}.Debug|Any CPU.ActiveCfg = Debug|Any CPU
		{BF8BE490-A45B-4371-A3AE-143DF56FD0A5}.Debug|Any CPU.Build.0 = Debug|Any CPU
		{BF8BE490-A45B-4371-A3AE-143DF56FD0A5}.Release|Any CPU.ActiveCfg = Release|Any CPU
		{BF8BE490-A45B-4371-A3AE-143DF56FD0A5}.Release|Any CPU.Build.0 = Release|Any CPU
		{8BFC4A3F-B6B8-4527-9639-DF1C8ADEDD93}.Debug|Any CPU.ActiveCfg = Debug|Any CPU
		{8BFC4A3F-B6B8-4527-9639-DF1C8ADEDD93}.Debug|Any CPU.Build.0 = Debug|Any CPU
		{8BFC4A3F-B6B8-4527-9639-DF1C8ADEDD93}.Release|Any CPU.ActiveCfg = Release|Any CPU
		{8BFC4A3F-B6B8-4527-9639-DF1C8ADEDD93}.Release|Any CPU.Build.0 = Release|Any CPU
		{7E7AA9A3-CB4A-41DB-B089-429582761724}.Debug|Any CPU.ActiveCfg = Debug|Any CPU
		{7E7AA9A3-CB4A-41DB-B089-429582761724}.Debug|Any CPU.Build.0 = Debug|Any CPU
		{7E7AA9A3-CB4A-41DB-B089-429582761724}.Release|Any CPU.ActiveCfg = Release|Any CPU
		{7E7AA9A3-CB4A-41DB-B089-429582761724}.Release|Any CPU.Build.0 = Release|Any CPU
		{015AE29F-693C-4505-95CC-B8F06BEE5B38}.Debug|Any CPU.ActiveCfg = Debug|Any CPU
		{015AE29F-693C-4505-95CC-B8F06BEE5B38}.Debug|Any CPU.Build.0 = Debug|Any CPU
		{015AE29F-693C-4505-95CC-B8F06BEE5B38}.Release|Any CPU.ActiveCfg = Release|Any CPU
		{015AE29F-693C-4505-95CC-B8F06BEE5B38}.Release|Any CPU.Build.0 = Release|Any CPU
		{1B983A1C-B814-402B-84C1-6FA19489AD40}.Debug|Any CPU.ActiveCfg = Debug|Any CPU
		{1B983A1C-B814-402B-84C1-6FA19489AD40}.Debug|Any CPU.Build.0 = Debug|Any CPU
		{1B983A1C-B814-402B-84C1-6FA19489AD40}.Release|Any CPU.ActiveCfg = Release|Any CPU
		{1B983A1C-B814-402B-84C1-6FA19489AD40}.Release|Any CPU.Build.0 = Release|Any CPU
	EndGlobalSection
	GlobalSection(SolutionProperties) = preSolution
		HideSolutionNode = FALSE
	EndGlobalSection
	GlobalSection(NestedProjects) = preSolution
		{328FED65-82A1-4FC6-89C4-DC2E7E9BB69C} = {751AA7F6-6EFE-4173-A3AB-963A98C76B22}
		{BF8BE490-A45B-4371-A3AE-143DF56FD0A5} = {751AA7F6-6EFE-4173-A3AB-963A98C76B22}
		{8BFC4A3F-B6B8-4527-9639-DF1C8ADEDD93} = {751AA7F6-6EFE-4173-A3AB-963A98C76B22}
		{7E7AA9A3-CB4A-41DB-B089-429582761724} = {751AA7F6-6EFE-4173-A3AB-963A98C76B22}
		{015AE29F-693C-4505-95CC-B8F06BEE5B38} = {DE0B3F0D-B7E9-4687-8D17-A7CBA30510BE}
		{1B983A1C-B814-402B-84C1-6FA19489AD40} = {DE0B3F0D-B7E9-4687-8D17-A7CBA30510BE}
	EndGlobalSection
EndGlobal
